// !$*UTF8*$!
{
	archiveVersion = 1;
	classes = {
	};
	objectVersion = 56;
	objects = {

/* Begin PBXBuildFile section */
		3211B8242B65F21000B4701F /* TabViewController.swift in Sources */ = {isa = PBXBuildFile; fileRef = 3211B8232B65F20F00B4701F /* TabViewController.swift */; };
		3211B8272B65F49A00B4701F /* PersonalViewController.swift in Sources */ = {isa = PBXBuildFile; fileRef = 3211B8262B65F49A00B4701F /* PersonalViewController.swift */; };
		3211B8292B65F4B200B4701F /* CheckInViewController.swift in Sources */ = {isa = PBXBuildFile; fileRef = 3211B8282B65F4B200B4701F /* CheckInViewController.swift */; };
		328DDF1B2B703B9100713EA7 /* RepeatTableViewCell.xib in Resources */ = {isa = PBXBuildFile; fileRef = 328DDF192B703B9100713EA7 /* RepeatTableViewCell.xib */; };
		328DDF1D2B70621700713EA7 /* AddGoalViewController.swift in Sources */ = {isa = PBXBuildFile; fileRef = 328DDF1C2B70621700713EA7 /* AddGoalViewController.swift */; };
		32A434D42B68177400003935 /* FirebaseData.swift in Sources */ = {isa = PBXBuildFile; fileRef = 32A434D32B68177400003935 /* FirebaseData.swift */; };
		32A434D82B6BEF5E00003935 /* RepeatTableViewCell.swift in Sources */ = {isa = PBXBuildFile; fileRef = 32A434D72B6BEF5E00003935 /* RepeatTableViewCell.swift */; };
		32A434DA2B6BF06100003935 /* Extensions.swift in Sources */ = {isa = PBXBuildFile; fileRef = 32A434D92B6BF06100003935 /* Extensions.swift */; };
		32A580F12B59B35F009C7522 /* AppDelegate.swift in Sources */ = {isa = PBXBuildFile; fileRef = 32A580F02B59B35F009C7522 /* AppDelegate.swift */; };
		32A580F32B59B35F009C7522 /* SceneDelegate.swift in Sources */ = {isa = PBXBuildFile; fileRef = 32A580F22B59B35F009C7522 /* SceneDelegate.swift */; };
		32A580F52B59B35F009C7522 /* ProfessionalViewController.swift in Sources */ = {isa = PBXBuildFile; fileRef = 32A580F42B59B35F009C7522 /* ProfessionalViewController.swift */; };
		32A580F82B59B35F009C7522 /* Main.storyboard in Resources */ = {isa = PBXBuildFile; fileRef = 32A580F62B59B35F009C7522 /* Main.storyboard */; };
		32A580FA2B59B362009C7522 /* Assets.xcassets in Resources */ = {isa = PBXBuildFile; fileRef = 32A580F92B59B362009C7522 /* Assets.xcassets */; };
		32A580FD2B59B362009C7522 /* LaunchScreen.storyboard in Resources */ = {isa = PBXBuildFile; fileRef = 32A580FB2B59B362009C7522 /* LaunchScreen.storyboard */; };
		32BA5E402B71776F004F2334 /* PersonalPageViewController.swift in Sources */ = {isa = PBXBuildFile; fileRef = 32BA5E3F2B71776F004F2334 /* PersonalPageViewController.swift */; };
		32BA5E452B7187F7004F2334 /* PersonalIndividualViewController.swift in Sources */ = {isa = PBXBuildFile; fileRef = 32BA5E442B7187F7004F2334 /* PersonalIndividualViewController.swift */; };
		32BA5E472B71880C004F2334 /* PersonalGroupViewController.swift in Sources */ = {isa = PBXBuildFile; fileRef = 32BA5E462B71880C004F2334 /* PersonalGroupViewController.swift */; };
		32D32E092B748983007F1E95 /* CheckInPageViewController.swift in Sources */ = {isa = PBXBuildFile; fileRef = 32D32E082B748983007F1E95 /* CheckInPageViewController.swift */; };
		32D32E0B2B7489BD007F1E95 /* ProfessionalPageViewController.swift in Sources */ = {isa = PBXBuildFile; fileRef = 32D32E0A2B7489BD007F1E95 /* ProfessionalPageViewController.swift */; };
		32D32E0D2B748A0C007F1E95 /* CheckInIndividualViewController.swift in Sources */ = {isa = PBXBuildFile; fileRef = 32D32E0C2B748A0C007F1E95 /* CheckInIndividualViewController.swift */; };
		32D32E102B748A3C007F1E95 /* CheckInGroupViewController.swift in Sources */ = {isa = PBXBuildFile; fileRef = 32D32E0F2B748A3C007F1E95 /* CheckInGroupViewController.swift */; };
		32D32E122B748A6D007F1E95 /* ProfessionalIndividualViewController.swift in Sources */ = {isa = PBXBuildFile; fileRef = 32D32E112B748A6D007F1E95 /* ProfessionalIndividualViewController.swift */; };
		32D32E142B748A87007F1E95 /* ProfessionalGroupViewController.swift in Sources */ = {isa = PBXBuildFile; fileRef = 32D32E132B748A87007F1E95 /* ProfessionalGroupViewController.swift */; };
		32D32E162B7A76DF007F1E95 /* TestData.swift in Sources */ = {isa = PBXBuildFile; fileRef = 32D32E152B7A76DF007F1E95 /* TestData.swift */; };
		32E788042B8CF6A300458D07 /* SignInViewController.swift in Sources */ = {isa = PBXBuildFile; fileRef = 32E788032B8CF6A300458D07 /* SignInViewController.swift */; };
/* End PBXBuildFile section */

/* Begin PBXFileReference section */
		3211B8232B65F20F00B4701F /* TabViewController.swift */ = {isa = PBXFileReference; lastKnownFileType = sourcecode.swift; path = TabViewController.swift; sourceTree = "<group>"; };
		3211B8262B65F49A00B4701F /* PersonalViewController.swift */ = {isa = PBXFileReference; lastKnownFileType = sourcecode.swift; path = PersonalViewController.swift; sourceTree = "<group>"; };
		3211B8282B65F4B200B4701F /* CheckInViewController.swift */ = {isa = PBXFileReference; lastKnownFileType = sourcecode.swift; path = CheckInViewController.swift; sourceTree = "<group>"; };
		328DDF192B703B9100713EA7 /* RepeatTableViewCell.xib */ = {isa = PBXFileReference; lastKnownFileType = file.xib; path = RepeatTableViewCell.xib; sourceTree = "<group>"; };
		328DDF1C2B70621700713EA7 /* AddGoalViewController.swift */ = {isa = PBXFileReference; lastKnownFileType = sourcecode.swift; path = AddGoalViewController.swift; sourceTree = "<group>"; };
		32A434D32B68177400003935 /* FirebaseData.swift */ = {isa = PBXFileReference; lastKnownFileType = sourcecode.swift; path = FirebaseData.swift; sourceTree = "<group>"; };
		32A434D72B6BEF5E00003935 /* RepeatTableViewCell.swift */ = {isa = PBXFileReference; lastKnownFileType = sourcecode.swift; path = RepeatTableViewCell.swift; sourceTree = "<group>"; };
		32A434D92B6BF06100003935 /* Extensions.swift */ = {isa = PBXFileReference; lastKnownFileType = sourcecode.swift; path = Extensions.swift; sourceTree = "<group>"; };
		32A580ED2B59B35F009C7522 /* BeBrilliantInTheBasics.app */ = {isa = PBXFileReference; explicitFileType = wrapper.application; includeInIndex = 0; path = BeBrilliantInTheBasics.app; sourceTree = BUILT_PRODUCTS_DIR; };
		32A580F02B59B35F009C7522 /* AppDelegate.swift */ = {isa = PBXFileReference; lastKnownFileType = sourcecode.swift; path = AppDelegate.swift; sourceTree = "<group>"; };
		32A580F22B59B35F009C7522 /* SceneDelegate.swift */ = {isa = PBXFileReference; lastKnownFileType = sourcecode.swift; path = SceneDelegate.swift; sourceTree = "<group>"; };
		32A580F42B59B35F009C7522 /* ProfessionalViewController.swift */ = {isa = PBXFileReference; lastKnownFileType = sourcecode.swift; path = ProfessionalViewController.swift; sourceTree = "<group>"; };
		32A580F72B59B35F009C7522 /* Base */ = {isa = PBXFileReference; lastKnownFileType = file.storyboard; name = Base; path = Base.lproj/Main.storyboard; sourceTree = "<group>"; };
		32A580F92B59B362009C7522 /* Assets.xcassets */ = {isa = PBXFileReference; lastKnownFileType = folder.assetcatalog; path = Assets.xcassets; sourceTree = "<group>"; };
		32A580FC2B59B362009C7522 /* Base */ = {isa = PBXFileReference; lastKnownFileType = file.storyboard; name = Base; path = Base.lproj/LaunchScreen.storyboard; sourceTree = "<group>"; };
		32A580FE2B59B362009C7522 /* Info.plist */ = {isa = PBXFileReference; lastKnownFileType = text.plist.xml; path = Info.plist; sourceTree = "<group>"; };
		32BA5E3F2B71776F004F2334 /* PersonalPageViewController.swift */ = {isa = PBXFileReference; lastKnownFileType = sourcecode.swift; path = PersonalPageViewController.swift; sourceTree = "<group>"; };
		32BA5E442B7187F7004F2334 /* PersonalIndividualViewController.swift */ = {isa = PBXFileReference; lastKnownFileType = sourcecode.swift; path = PersonalIndividualViewController.swift; sourceTree = "<group>"; };
		32BA5E462B71880C004F2334 /* PersonalGroupViewController.swift */ = {isa = PBXFileReference; lastKnownFileType = sourcecode.swift; path = PersonalGroupViewController.swift; sourceTree = "<group>"; };
		32D32E082B748983007F1E95 /* CheckInPageViewController.swift */ = {isa = PBXFileReference; lastKnownFileType = sourcecode.swift; path = CheckInPageViewController.swift; sourceTree = "<group>"; };
		32D32E0A2B7489BD007F1E95 /* ProfessionalPageViewController.swift */ = {isa = PBXFileReference; lastKnownFileType = sourcecode.swift; path = ProfessionalPageViewController.swift; sourceTree = "<group>"; };
		32D32E0C2B748A0C007F1E95 /* CheckInIndividualViewController.swift */ = {isa = PBXFileReference; lastKnownFileType = sourcecode.swift; path = CheckInIndividualViewController.swift; sourceTree = "<group>"; };
		32D32E0F2B748A3C007F1E95 /* CheckInGroupViewController.swift */ = {isa = PBXFileReference; lastKnownFileType = sourcecode.swift; path = CheckInGroupViewController.swift; sourceTree = "<group>"; };
		32D32E112B748A6D007F1E95 /* ProfessionalIndividualViewController.swift */ = {isa = PBXFileReference; lastKnownFileType = sourcecode.swift; path = ProfessionalIndividualViewController.swift; sourceTree = "<group>"; };
		32D32E132B748A87007F1E95 /* ProfessionalGroupViewController.swift */ = {isa = PBXFileReference; lastKnownFileType = sourcecode.swift; path = ProfessionalGroupViewController.swift; sourceTree = "<group>"; };
		32D32E152B7A76DF007F1E95 /* TestData.swift */ = {isa = PBXFileReference; lastKnownFileType = sourcecode.swift; path = TestData.swift; sourceTree = "<group>"; };
		32E788032B8CF6A300458D07 /* SignInViewController.swift */ = {isa = PBXFileReference; lastKnownFileType = sourcecode.swift; path = SignInViewController.swift; sourceTree = "<group>"; };
/* End PBXFileReference section */

/* Begin PBXFrameworksBuildPhase section */
		32A580EA2B59B35F009C7522 /* Frameworks */ = {
			isa = PBXFrameworksBuildPhase;
			buildActionMask = 2147483647;
			files = (
			);
			runOnlyForDeploymentPostprocessing = 0;
		};
/* End PBXFrameworksBuildPhase section */

/* Begin PBXGroup section */
		3211B8252B65F3E500B4701F /* Views */ = {
			isa = PBXGroup;
			children = (
				32E788032B8CF6A300458D07 /* SignInViewController.swift */,
				32BA5E412B71876A004F2334 /* Professional */,
				32BA5E422B718783004F2334 /* Personal */,
				32BA5E432B7187A3004F2334 /* CheckIn */,
				328DDF192B703B9100713EA7 /* RepeatTableViewCell.xib */,
				32A434D72B6BEF5E00003935 /* RepeatTableViewCell.swift */,
				328DDF1C2B70621700713EA7 /* AddGoalViewController.swift */,
			);
			path = Views;
			sourceTree = "<group>";
		};
		32A580E42B59B35F009C7522 = {
			isa = PBXGroup;
			children = (
				32A580EF2B59B35F009C7522 /* BeBrilliantInTheBasics */,
				32A580EE2B59B35F009C7522 /* Products */,
			);
			sourceTree = "<group>";
		};
		32A580EE2B59B35F009C7522 /* Products */ = {
			isa = PBXGroup;
			children = (
				32A580ED2B59B35F009C7522 /* BeBrilliantInTheBasics.app */,
			);
			name = Products;
			sourceTree = "<group>";
		};
		32A580EF2B59B35F009C7522 /* BeBrilliantInTheBasics */ = {
			isa = PBXGroup;
			children = (
				32A580F02B59B35F009C7522 /* AppDelegate.swift */,
				32A580F22B59B35F009C7522 /* SceneDelegate.swift */,
				32A434D92B6BF06100003935 /* Extensions.swift */,
				32D32E152B7A76DF007F1E95 /* TestData.swift */,
				3211B8232B65F20F00B4701F /* TabViewController.swift */,
				32A434D32B68177400003935 /* FirebaseData.swift */,
				3211B8252B65F3E500B4701F /* Views */,
				32A580F62B59B35F009C7522 /* Main.storyboard */,
				32A580F92B59B362009C7522 /* Assets.xcassets */,
				32A580FB2B59B362009C7522 /* LaunchScreen.storyboard */,
				32A580FE2B59B362009C7522 /* Info.plist */,
			);
			path = BeBrilliantInTheBasics;
			sourceTree = "<group>";
		};
		32BA5E412B71876A004F2334 /* Professional */ = {
			isa = PBXGroup;
			children = (
				32A580F42B59B35F009C7522 /* ProfessionalViewController.swift */,
				32D32E0A2B7489BD007F1E95 /* ProfessionalPageViewController.swift */,
				32D32E112B748A6D007F1E95 /* ProfessionalIndividualViewController.swift */,
				32D32E132B748A87007F1E95 /* ProfessionalGroupViewController.swift */,
			);
			path = Professional;
			sourceTree = "<group>";
		};
		32BA5E422B718783004F2334 /* Personal */ = {
			isa = PBXGroup;
			children = (
				3211B8262B65F49A00B4701F /* PersonalViewController.swift */,
				32BA5E3F2B71776F004F2334 /* PersonalPageViewController.swift */,
				32BA5E442B7187F7004F2334 /* PersonalIndividualViewController.swift */,
				32BA5E462B71880C004F2334 /* PersonalGroupViewController.swift */,
			);
			path = Personal;
			sourceTree = "<group>";
		};
		32BA5E432B7187A3004F2334 /* CheckIn */ = {
			isa = PBXGroup;
			children = (
				3211B8282B65F4B200B4701F /* CheckInViewController.swift */,
				32D32E082B748983007F1E95 /* CheckInPageViewController.swift */,
				32D32E0C2B748A0C007F1E95 /* CheckInIndividualViewController.swift */,
				32D32E0F2B748A3C007F1E95 /* CheckInGroupViewController.swift */,
			);
			path = CheckIn;
			sourceTree = "<group>";
		};
/* End PBXGroup section */

/* Begin PBXNativeTarget section */
		32A580EC2B59B35F009C7522 /* BeBrilliantInTheBasics */ = {
			isa = PBXNativeTarget;
			buildConfigurationList = 32A581012B59B362009C7522 /* Build configuration list for PBXNativeTarget "BeBrilliantInTheBasics" */;
			buildPhases = (
				32A580E92B59B35F009C7522 /* Sources */,
				32A580EA2B59B35F009C7522 /* Frameworks */,
				32A580EB2B59B35F009C7522 /* Resources */,
			);
			buildRules = (
			);
			dependencies = (
			);
			name = BeBrilliantInTheBasics;
			productName = BeBrilliantInTheBasics;
			productReference = 32A580ED2B59B35F009C7522 /* BeBrilliantInTheBasics.app */;
			productType = "com.apple.product-type.application";
		};
/* End PBXNativeTarget section */

/* Begin PBXProject section */
		32A580E52B59B35F009C7522 /* Project object */ = {
			isa = PBXProject;
			attributes = {
				BuildIndependentTargetsInParallel = 1;
				LastSwiftUpdateCheck = 1520;
				LastUpgradeCheck = 1520;
				TargetAttributes = {
					32A580EC2B59B35F009C7522 = {
						CreatedOnToolsVersion = 15.2;
					};
				};
			};
			buildConfigurationList = 32A580E82B59B35F009C7522 /* Build configuration list for PBXProject "BeBrilliantInTheBasics" */;
			compatibilityVersion = "Xcode 14.0";
			developmentRegion = en;
			hasScannedForEncodings = 0;
			knownRegions = (
				en,
				Base,
			);
			mainGroup = 32A580E42B59B35F009C7522;
			productRefGroup = 32A580EE2B59B35F009C7522 /* Products */;
			projectDirPath = "";
			projectRoot = "";
			targets = (
				32A580EC2B59B35F009C7522 /* BeBrilliantInTheBasics */,
			);
		};
/* End PBXProject section */

/* Begin PBXResourcesBuildPhase section */
		32A580EB2B59B35F009C7522 /* Resources */ = {
			isa = PBXResourcesBuildPhase;
			buildActionMask = 2147483647;
			files = (
				32A580FD2B59B362009C7522 /* LaunchScreen.storyboard in Resources */,
				32A580FA2B59B362009C7522 /* Assets.xcassets in Resources */,
				328DDF1B2B703B9100713EA7 /* RepeatTableViewCell.xib in Resources */,
				32A580F82B59B35F009C7522 /* Main.storyboard in Resources */,
			);
			runOnlyForDeploymentPostprocessing = 0;
		};
/* End PBXResourcesBuildPhase section */

/* Begin PBXSourcesBuildPhase section */
		32A580E92B59B35F009C7522 /* Sources */ = {
			isa = PBXSourcesBuildPhase;
			buildActionMask = 2147483647;
			files = (
				32D32E142B748A87007F1E95 /* ProfessionalGroupViewController.swift in Sources */,
				32BA5E472B71880C004F2334 /* PersonalGroupViewController.swift in Sources */,
				328DDF1D2B70621700713EA7 /* AddGoalViewController.swift in Sources */,
				32D32E162B7A76DF007F1E95 /* TestData.swift in Sources */,
				32A434D42B68177400003935 /* FirebaseData.swift in Sources */,
				32D32E0B2B7489BD007F1E95 /* ProfessionalPageViewController.swift in Sources */,
				32A434DA2B6BF06100003935 /* Extensions.swift in Sources */,
				32D32E092B748983007F1E95 /* CheckInPageViewController.swift in Sources */,
				32BA5E452B7187F7004F2334 /* PersonalIndividualViewController.swift in Sources */,
				32D32E102B748A3C007F1E95 /* CheckInGroupViewController.swift in Sources */,
				3211B8242B65F21000B4701F /* TabViewController.swift in Sources */,
				32A434D82B6BEF5E00003935 /* RepeatTableViewCell.swift in Sources */,
				3211B8272B65F49A00B4701F /* PersonalViewController.swift in Sources */,
				32A580F52B59B35F009C7522 /* ProfessionalViewController.swift in Sources */,
				32E788042B8CF6A300458D07 /* SignInViewController.swift in Sources */,
				32A580F12B59B35F009C7522 /* AppDelegate.swift in Sources */,
				3211B8292B65F4B200B4701F /* CheckInViewController.swift in Sources */,
				32D32E122B748A6D007F1E95 /* ProfessionalIndividualViewController.swift in Sources */,
				32D32E0D2B748A0C007F1E95 /* CheckInIndividualViewController.swift in Sources */,
				32BA5E402B71776F004F2334 /* PersonalPageViewController.swift in Sources */,
				32A580F32B59B35F009C7522 /* SceneDelegate.swift in Sources */,
			);
			runOnlyForDeploymentPostprocessing = 0;
		};
/* End PBXSourcesBuildPhase section */

/* Begin PBXVariantGroup section */
		32A580F62B59B35F009C7522 /* Main.storyboard */ = {
			isa = PBXVariantGroup;
			children = (
				32A580F72B59B35F009C7522 /* Base */,
			);
			name = Main.storyboard;
			sourceTree = "<group>";
		};
		32A580FB2B59B362009C7522 /* LaunchScreen.storyboard */ = {
			isa = PBXVariantGroup;
			children = (
				32A580FC2B59B362009C7522 /* Base */,
			);
			name = LaunchScreen.storyboard;
			sourceTree = "<group>";
		};
/* End PBXVariantGroup section */

/* Begin XCBuildConfiguration section */
		32A580FF2B59B362009C7522 /* Debug */ = {
			isa = XCBuildConfiguration;
			buildSettings = {
				ALWAYS_SEARCH_USER_PATHS = NO;
				ASSETCATALOG_COMPILER_GENERATE_SWIFT_ASSET_SYMBOL_EXTENSIONS = YES;
				CLANG_ANALYZER_NONNULL = YES;
				CLANG_ANALYZER_NUMBER_OBJECT_CONVERSION = YES_AGGRESSIVE;
				CLANG_CXX_LANGUAGE_STANDARD = "gnu++20";
				CLANG_ENABLE_MODULES = YES;
				CLANG_ENABLE_OBJC_ARC = YES;
				CLANG_ENABLE_OBJC_WEAK = YES;
				CLANG_WARN_BLOCK_CAPTURE_AUTORELEASING = YES;
				CLANG_WARN_BOOL_CONVERSION = YES;
				CLANG_WARN_COMMA = YES;
				CLANG_WARN_CONSTANT_CONVERSION = YES;
				CLANG_WARN_DEPRECATED_OBJC_IMPLEMENTATIONS = YES;
				CLANG_WARN_DIRECT_OBJC_ISA_USAGE = YES_ERROR;
				CLANG_WARN_DOCUMENTATION_COMMENTS = YES;
				CLANG_WARN_EMPTY_BODY = YES;
				CLANG_WARN_ENUM_CONVERSION = YES;
				CLANG_WARN_INFINITE_RECURSION = YES;
				CLANG_WARN_INT_CONVERSION = YES;
				CLANG_WARN_NON_LITERAL_NULL_CONVERSION = YES;
				CLANG_WARN_OBJC_IMPLICIT_RETAIN_SELF = YES;
				CLANG_WARN_OBJC_LITERAL_CONVERSION = YES;
				CLANG_WARN_OBJC_ROOT_CLASS = YES_ERROR;
				CLANG_WARN_QUOTED_INCLUDE_IN_FRAMEWORK_HEADER = YES;
				CLANG_WARN_RANGE_LOOP_ANALYSIS = YES;
				CLANG_WARN_STRICT_PROTOTYPES = YES;
				CLANG_WARN_SUSPICIOUS_MOVE = YES;
				CLANG_WARN_UNGUARDED_AVAILABILITY = YES_AGGRESSIVE;
				CLANG_WARN_UNREACHABLE_CODE = YES;
				CLANG_WARN__DUPLICATE_METHOD_MATCH = YES;
				COPY_PHASE_STRIP = NO;
				DEBUG_INFORMATION_FORMAT = dwarf;
				ENABLE_STRICT_OBJC_MSGSEND = YES;
				ENABLE_TESTABILITY = YES;
				ENABLE_USER_SCRIPT_SANDBOXING = YES;
				GCC_C_LANGUAGE_STANDARD = gnu17;
				GCC_DYNAMIC_NO_PIC = NO;
				GCC_NO_COMMON_BLOCKS = YES;
				GCC_OPTIMIZATION_LEVEL = 0;
				GCC_PREPROCESSOR_DEFINITIONS = (
					"DEBUG=1",
					"$(inherited)",
				);
				GCC_WARN_64_TO_32_BIT_CONVERSION = YES;
				GCC_WARN_ABOUT_RETURN_TYPE = YES_ERROR;
				GCC_WARN_UNDECLARED_SELECTOR = YES;
				GCC_WARN_UNINITIALIZED_AUTOS = YES_AGGRESSIVE;
				GCC_WARN_UNUSED_FUNCTION = YES;
				GCC_WARN_UNUSED_VARIABLE = YES;
				IPHONEOS_DEPLOYMENT_TARGET = 17.2;
				LOCALIZATION_PREFERS_STRING_CATALOGS = YES;
				MTL_ENABLE_DEBUG_INFO = INCLUDE_SOURCE;
				MTL_FAST_MATH = YES;
				ONLY_ACTIVE_ARCH = YES;
				SDKROOT = iphoneos;
				SWIFT_ACTIVE_COMPILATION_CONDITIONS = "DEBUG $(inherited)";
				SWIFT_OPTIMIZATION_LEVEL = "-Onone";
			};
			name = Debug;
		};
		32A581002B59B362009C7522 /* Release */ = {
			isa = XCBuildConfiguration;
			buildSettings = {
				ALWAYS_SEARCH_USER_PATHS = NO;
				ASSETCATALOG_COMPILER_GENERATE_SWIFT_ASSET_SYMBOL_EXTENSIONS = YES;
				CLANG_ANALYZER_NONNULL = YES;
				CLANG_ANALYZER_NUMBER_OBJECT_CONVERSION = YES_AGGRESSIVE;
				CLANG_CXX_LANGUAGE_STANDARD = "gnu++20";
				CLANG_ENABLE_MODULES = YES;
				CLANG_ENABLE_OBJC_ARC = YES;
				CLANG_ENABLE_OBJC_WEAK = YES;
				CLANG_WARN_BLOCK_CAPTURE_AUTORELEASING = YES;
				CLANG_WARN_BOOL_CONVERSION = YES;
				CLANG_WARN_COMMA = YES;
				CLANG_WARN_CONSTANT_CONVERSION = YES;
				CLANG_WARN_DEPRECATED_OBJC_IMPLEMENTATIONS = YES;
				CLANG_WARN_DIRECT_OBJC_ISA_USAGE = YES_ERROR;
				CLANG_WARN_DOCUMENTATION_COMMENTS = YES;
				CLANG_WARN_EMPTY_BODY = YES;
				CLANG_WARN_ENUM_CONVERSION = YES;
				CLANG_WARN_INFINITE_RECURSION = YES;
				CLANG_WARN_INT_CONVERSION = YES;
				CLANG_WARN_NON_LITERAL_NULL_CONVERSION = YES;
				CLANG_WARN_OBJC_IMPLICIT_RETAIN_SELF = YES;
				CLANG_WARN_OBJC_LITERAL_CONVERSION = YES;
				CLANG_WARN_OBJC_ROOT_CLASS = YES_ERROR;
				CLANG_WARN_QUOTED_INCLUDE_IN_FRAMEWORK_HEADER = YES;
				CLANG_WARN_RANGE_LOOP_ANALYSIS = YES;
				CLANG_WARN_STRICT_PROTOTYPES = YES;
				CLANG_WARN_SUSPICIOUS_MOVE = YES;
				CLANG_WARN_UNGUARDED_AVAILABILITY = YES_AGGRESSIVE;
				CLANG_WARN_UNREACHABLE_CODE = YES;
				CLANG_WARN__DUPLICATE_METHOD_MATCH = YES;
				COPY_PHASE_STRIP = NO;
				DEBUG_INFORMATION_FORMAT = "dwarf-with-dsym";
				ENABLE_NS_ASSERTIONS = NO;
				ENABLE_STRICT_OBJC_MSGSEND = YES;
				ENABLE_USER_SCRIPT_SANDBOXING = YES;
				GCC_C_LANGUAGE_STANDARD = gnu17;
				GCC_NO_COMMON_BLOCKS = YES;
				GCC_WARN_64_TO_32_BIT_CONVERSION = YES;
				GCC_WARN_ABOUT_RETURN_TYPE = YES_ERROR;
				GCC_WARN_UNDECLARED_SELECTOR = YES;
				GCC_WARN_UNINITIALIZED_AUTOS = YES_AGGRESSIVE;
				GCC_WARN_UNUSED_FUNCTION = YES;
				GCC_WARN_UNUSED_VARIABLE = YES;
				IPHONEOS_DEPLOYMENT_TARGET = 17.2;
				LOCALIZATION_PREFERS_STRING_CATALOGS = YES;
				MTL_ENABLE_DEBUG_INFO = NO;
				MTL_FAST_MATH = YES;
				SDKROOT = iphoneos;
				SWIFT_COMPILATION_MODE = wholemodule;
				VALIDATE_PRODUCT = YES;
			};
			name = Release;
		};
		32A581022B59B362009C7522 /* Debug */ = {
			isa = XCBuildConfiguration;
			buildSettings = {
				ASSETCATALOG_COMPILER_APPICON_NAME = AppIcon;
				ASSETCATALOG_COMPILER_GLOBAL_ACCENT_COLOR_NAME = AccentColor;
				CODE_SIGN_STYLE = Automatic;
				CURRENT_PROJECT_VERSION = 1;
				DEVELOPMENT_TEAM = FU5874BN54;
				GENERATE_INFOPLIST_FILE = YES;
				INFOPLIST_FILE = BeBrilliantInTheBasics/Info.plist;
				INFOPLIST_KEY_UIApplicationSupportsIndirectInputEvents = YES;
				INFOPLIST_KEY_UILaunchStoryboardName = LaunchScreen;
				INFOPLIST_KEY_UIMainStoryboardFile = Main;
				INFOPLIST_KEY_UISupportedInterfaceOrientations_iPad = "UIInterfaceOrientationPortrait UIInterfaceOrientationPortraitUpsideDown UIInterfaceOrientationLandscapeLeft UIInterfaceOrientationLandscapeRight";
				INFOPLIST_KEY_UISupportedInterfaceOrientations_iPhone = "UIInterfaceOrientationPortrait UIInterfaceOrientationLandscapeLeft UIInterfaceOrientationLandscapeRight";
				LD_RUNPATH_SEARCH_PATHS = (
					"$(inherited)",
					"@executable_path/Frameworks",
				);
				MARKETING_VERSION = 1.0;
				PRODUCT_BUNDLE_IDENTIFIER = com.Decoreyon.BeBrilliantInTheBasics;
				PRODUCT_NAME = "$(TARGET_NAME)";
				SWIFT_EMIT_LOC_STRINGS = YES;
				SWIFT_VERSION = 5.0;
				TARGETED_DEVICE_FAMILY = "1,2";
			};
			name = Debug;
		};
		32A581032B59B362009C7522 /* Release */ = {
			isa = XCBuildConfiguration;
			buildSettings = {
				ASSETCATALOG_COMPILER_APPICON_NAME = AppIcon;
				ASSETCATALOG_COMPILER_GLOBAL_ACCENT_COLOR_NAME = AccentColor;
				CODE_SIGN_STYLE = Automatic;
				CURRENT_PROJECT_VERSION = 1;
				DEVELOPMENT_TEAM = FU5874BN54;
				GENERATE_INFOPLIST_FILE = YES;
				INFOPLIST_FILE = BeBrilliantInTheBasics/Info.plist;
				INFOPLIST_KEY_UIApplicationSupportsIndirectInputEvents = YES;
				INFOPLIST_KEY_UILaunchStoryboardName = LaunchScreen;
				INFOPLIST_KEY_UIMainStoryboardFile = Main;
				INFOPLIST_KEY_UISupportedInterfaceOrientations_iPad = "UIInterfaceOrientationPortrait UIInterfaceOrientationPortraitUpsideDown UIInterfaceOrientationLandscapeLeft UIInterfaceOrientationLandscapeRight";
				INFOPLIST_KEY_UISupportedInterfaceOrientations_iPhone = "UIInterfaceOrientationPortrait UIInterfaceOrientationLandscapeLeft UIInterfaceOrientationLandscapeRight";
				LD_RUNPATH_SEARCH_PATHS = (
					"$(inherited)",
					"@executable_path/Frameworks",
				);
				MARKETING_VERSION = 1.0;
				PRODUCT_BUNDLE_IDENTIFIER = com.Decoreyon.BeBrilliantInTheBasics;
				PRODUCT_NAME = "$(TARGET_NAME)";
				SWIFT_EMIT_LOC_STRINGS = YES;
				SWIFT_VERSION = 5.0;
				TARGETED_DEVICE_FAMILY = "1,2";
			};
			name = Release;
		};
/* End XCBuildConfiguration section */

/* Begin XCConfigurationList section */
		32A580E82B59B35F009C7522 /* Build configuration list for PBXProject "BeBrilliantInTheBasics" */ = {
			isa = XCConfigurationList;
			buildConfigurations = (
				32A580FF2B59B362009C7522 /* Debug */,
				32A581002B59B362009C7522 /* Release */,
			);
			defaultConfigurationIsVisible = 0;
			defaultConfigurationName = Release;
		};
		32A581012B59B362009C7522 /* Build configuration list for PBXNativeTarget "BeBrilliantInTheBasics" */ = {
			isa = XCConfigurationList;
			buildConfigurations = (
				32A581022B59B362009C7522 /* Debug */,
				32A581032B59B362009C7522 /* Release */,
			);
			defaultConfigurationIsVisible = 0;
			defaultConfigurationName = Release;
		};
/* End XCConfigurationList section */
	};
	rootObject = 32A580E52B59B35F009C7522 /* Project object */;
}
